
Microsoft Visual Studio Solution File, Format Version 12.00
# Visual Studio Version 17
VisualStudioVersion = 17.14.36804.6 d17.14
MinimumVisualStudioVersion = 10.0.40219.1
Project("{F14B399A-7131-4C87-9E4B-1186C45EF12D}") = "V4_SSRS", "V4_SSRS.rptproj", "{461230FA-16C9-522C-93D2-8617E5AC10DC}"
EndProject
Global
	GlobalSection(SolutionConfigurationPlatforms) = preSolution
		Debug|Default = Debug|Default
		DebugLocal|Default = DebugLocal|Default
		Release|Default = Release|Default
	EndGlobalSection
	GlobalSection(ProjectConfigurationPlatforms) = postSolution
		{461230FA-16C9-522C-93D2-8617E5AC10DC}.Debug|Default.ActiveCfg = Debug
		{461230FA-16C9-522C-93D2-8617E5AC10DC}.Debug|Default.Build.0 = Debug
		{461230FA-16C9-522C-93D2-8617E5AC10DC}.Debug|Default.Deploy.0 = Debug
		{461230FA-16C9-522C-93D2-8617E5AC10DC}.DebugLocal|Default.ActiveCfg = DebugLocal
		{461230FA-16C9-522C-93D2-8617E5AC10DC}.DebugLocal|Default.Build.0 = DebugLocal
		{461230FA-16C9-522C-93D2-8617E5AC10DC}.Release|Default.ActiveCfg = Release
		{461230FA-16C9-522C-93D2-8617E5AC10DC}.Release|Default.Build.0 = Release
		{461230FA-16C9-522C-93D2-8617E5AC10DC}.Release|Default.Deploy.0 = Release
	EndGlobalSection
	GlobalSection(SolutionProperties) = preSolution
		HideSolutionNode = FALSE
	EndGlobalSection
	GlobalSection(ExtensibilityGlobals) = postSolution
		SolutionGuid = {D716892D-0D4C-4034-815A-8837145F9227}
	EndGlobalSection
EndGlobal
